
Microsoft Visual Studio Solution File, Format Version 12.00
# Visual Studio Version 16
VisualStudioVersion = 16.0.29306.81
MinimumVisualStudioVersion = 10.0.40219.1
Project("{FAE04EC0-301F-11D3-BF4B-00C04F79EFBC}") = "GenericTypesInterfacesExemplo", "GenericTypesInterfacesExemplo\GenericTypesInterfacesExemplo.csproj", "{6CFAFC21-9695-4C07-9319-5B8B9261F66E}"
EndProject
Global
	GlobalSection(SolutionConfigurationPlatforms) = preSolution
		Debug|Any CPU = Debug|Any CPU
		Release|Any CPU = Release|Any CPU
	EndGlobalSection
	GlobalSection(ProjectConfigurationPlatforms) = postSolution
		{6CFAFC21-9695-4C07-9319-5B8B9261F66E}.Debug|Any CPU.ActiveCfg = Debug|Any CPU
		{6CFAFC21-9695-4C07-9319-5B8B9261F66E}.Debug|Any CPU.Build.0 = Debug|Any CPU
		{6CFAFC21-9695-4C07-9319-5B8B9261F66E}.Release|Any CPU.ActiveCfg = Release|Any CPU
		{6CFAFC21-9695-4C07-9319-5B8B9261F66E}.Release|Any CPU.Build.0 = Release|Any CPU
	EndGlobalSection
	GlobalSection(SolutionProperties) = preSolution
		HideSolutionNode = FALSE
	EndGlobalSection
	GlobalSection(ExtensibilityGlobals) = postSolution
		SolutionGuid = {144D54C7-A43D-4EB9-A9C6-2FB009FE54ED}
	EndGlobalSection
EndGlobal
